
Microsoft Visual Studio Solution File, Format Version 12.00
# Visual Studio Version 16
VisualStudioVersion = 16.0.31129.286
MinimumVisualStudioVersion = 10.0.40219.1
Project("{FAE04EC0-301F-11D3-BF4B-00C04F79EFBC}") = "APIDinerApp", "APIDinerApp\APIDinerApp.csproj", "{FD135636-2949-4E25-91E8-CCBF7D19EBE9}"
EndProject
Global
	GlobalSection(SolutionConfigurationPlatforms) = preSolution
		Debug|Any CPU = Debug|Any CPU
		Release|Any CPU = Release|Any CPU
	EndGlobalSection
	GlobalSection(ProjectConfigurationPlatforms) = postSolution
		{FD135636-2949-4E25-91E8-CCBF7D19EBE9}.Debug|Any CPU.ActiveCfg = Debug|Any CPU
		{FD135636-2949-4E25-91E8-CCBF7D19EBE9}.Debug|Any CPU.Build.0 = Debug|Any CPU
		{FD135636-2949-4E25-91E8-CCBF7D19EBE9}.Release|Any CPU.ActiveCfg = Release|Any CPU
		{FD135636-2949-4E25-91E8-CCBF7D19EBE9}.Release|Any CPU.Build.0 = Release|Any CPU
	EndGlobalSection
	GlobalSection(SolutionProperties) = preSolution
		HideSolutionNode = FALSE
	EndGlobalSection
	GlobalSection(ExtensibilityGlobals) = postSolution
		SolutionGuid = {91EB8C74-1CCF-408A-9AA9-6D7A494FFEC8}
	EndGlobalSection
EndGlobal
